
Microsoft Visual Studio Solution File, Format Version 12.00
# Visual Studio 15
Project("{FAE04EC0-301F-11D3-BF4B-00C04F79EFBC}") = "Game", "Game.csproj", "{C1AD7BD0-4D2F-437A-070D-827EA66AE873}"
EndProject
Project("{FAE04EC0-301F-11D3-BF4B-00C04F79EFBC}") = "Tests", "Tests.csproj", "{BBFE085D-6720-99E2-4973-EE4B47E88099}"
EndProject
Global
	GlobalSection(SolutionConfigurationPlatforms) = preSolution
		Debug|Any CPU = Debug|Any CPU
		Release|Any CPU = Release|Any CPU
	EndGlobalSection
	GlobalSection(ProjectConfigurationPlatforms) = postSolution
		{C1AD7BD0-4D2F-437A-070D-827EA66AE873}.Debug|Any CPU.ActiveCfg = Debug|Any CPU
		{C1AD7BD0-4D2F-437A-070D-827EA66AE873}.Debug|Any CPU.Build.0 = Debug|Any CPU
		{C1AD7BD0-4D2F-437A-070D-827EA66AE873}.Release|Any CPU.ActiveCfg = Release|Any CPU
		{C1AD7BD0-4D2F-437A-070D-827EA66AE873}.Release|Any CPU.Build.0 = Release|Any CPU
		{BBFE085D-6720-99E2-4973-EE4B47E88099}.Debug|Any CPU.ActiveCfg = Debug|Any CPU
		{BBFE085D-6720-99E2-4973-EE4B47E88099}.Debug|Any CPU.Build.0 = Debug|Any CPU
		{BBFE085D-6720-99E2-4973-EE4B47E88099}.Release|Any CPU.ActiveCfg = Release|Any CPU
		{BBFE085D-6720-99E2-4973-EE4B47E88099}.Release|Any CPU.Build.0 = Release|Any CPU
	EndGlobalSection
	GlobalSection(SolutionProperties) = preSolution
		HideSolutionNode = FALSE
	EndGlobalSection
EndGlobal
